<?xml version="1.0" encoding="utf-8"?>
<Project ToolsVersion="4.0" xmlns="http://schemas.microsoft.com/developer/msbuild/2003">
  <ItemGroup>
    <Filter Include="Source Files">
      <UniqueIdentifier>{4FC737F1-C7A5-4376-A066-2A32D752A2FF}</UniqueIdentifier>
      <Extensions>cpp;c;cc;cxx;c++;cppm;ixx;def;odl;idl;hpj;bat;asm;asmx</Extensions>
    </Filter>
    <Filter Include="Header Files">
      <UniqueIdentifier>{93995380-89BD-4b04-88EB-625FBE52EBFB}</UniqueIdentifier>
      <Extensions>h;hh;hpp;hxx;h++;hm;inl;inc;ipp;xsd</Extensions>
    </Filter>
    <Filter Include="Resource Files">
      <UniqueIdentifier>{67DA6AB6-F800-4c08-8B7A-83BB121AAD01}</UniqueIdentifier>
      <Extensions>rc;ico;cur;bmp;dlg;rc2;rct;bin;rgs;gif;jpg;jpeg;jpe;resx;tiff;tif;png;wav;mfcribbon-ms</Extensions>
    </Filter>
  </ItemGroup>
  <ItemGroup>
    <Font Include="font.ttf" />
  </ItemGroup>
  <ItemGroup>
    <ClCompile Include="Main.cpp">
      <Filter>Source Files</Filter>
    </ClCompile>
    <ClCompile Include="serialib.cpp">
      <Filter>Source Files</Filter>
    </ClCompile>
    <ClCompile Include="Simulation\Drawer.cpp">
      <Filter>Source Files</Filter>
    </ClCompile>
    <ClCompile Include="Simulation\Neuron.cpp">
      <Filter>Source Files</Filter>
    </ClCompile>
    <ClCompile Include="Simulation\Evolution.cpp">
      <Filter>Source Files</Filter>
    </ClCompile>
    <ClCompile Include="Simulation\CartPole.cpp">
      <Filter>Source Files</Filter>
    </ClCompile>
    <ClCompile Include="Simulation\SimulationUI.cpp">
      <Filter>Source Files</Filter>
    </ClCompile>
    <ClCompile Include="Simulation\ContinuousNetwork.cpp">
      <Filter>Source Files</Filter>
    </ClCompile>
    <ClCompile Include="Simulation\RingBuffer.cpp">
      <Filter>Source Files</Filter>
    </ClCompile>
    <ClCompile Include="Simulation\Oscilloscope.cpp">
      <Filter>Source Files</Filter>
    </ClCompile>
    <ClCompile Include="Simulation\IO.cpp">
      <Filter>Source Files</Filter>
    </ClCompile>
    <ClCompile Include="Memory\DynamicAllocator.cpp">
      <Filter>Source Files</Filter>
    </ClCompile>
    <ClCompile Include="Memory\StackAllocator.cpp">
      <Filter>Source Files</Filter>
    </ClCompile>
    <ClCompile Include="Utils\StringUtil.cpp">
      <Filter>Source Files</Filter>
    </ClCompile>
    <ClCompile Include="Logger.cpp">
      <Filter>Source Files</Filter>
    </ClCompile>
  </ItemGroup>
  <ItemGroup>
    <ClInclude Include="serialib.h">
      <Filter>Header Files</Filter>
    </ClInclude>
    <ClInclude Include="Simulation\Drawer.h">
      <Filter>Header Files</Filter>
    </ClInclude>
    <ClInclude Include="Simulation\Neuron.h">
      <Filter>Header Files</Filter>
    </ClInclude>
    <ClInclude Include="ERP.h">
      <Filter>Header Files</Filter>
    </ClInclude>
    <ClInclude Include="Simulation\Evolution.h">
      <Filter>Header Files</Filter>
    </ClInclude>
    <ClInclude Include="Simulation\CartPole.h">
      <Filter>Header Files</Filter>
    </ClInclude>
    <ClInclude Include="Simulation\SimulationUI.h">
      <Filter>Header Files</Filter>
    </ClInclude>
    <ClInclude Include="Simulation\ContinuousNetwork.h">
      <Filter>Header Files</Filter>
    </ClInclude>
    <ClInclude Include="Simulation\RingBuffer.h">
      <Filter>Header Files</Filter>
    </ClInclude>
    <ClInclude Include="Simulation\Oscilloscope.h">
      <Filter>Header Files</Filter>
    </ClInclude>
    <ClInclude Include="Simulation\IO.h">
      <Filter>Header Files</Filter>
    </ClInclude>
    <ClInclude Include="Memory\AllocatorUtils.h">
      <Filter>Header Files</Filter>
    </ClInclude>
    <ClInclude Include="Memory\BufferRW.h">
      <Filter>Header Files</Filter>
    </ClInclude>
    <ClInclude Include="Memory\DynamicAllocator.h">
      <Filter>Header Files</Filter>
    </ClInclude>
    <ClInclude Include="Memory\Iterator.h">
      <Filter>Header Files</Filter>
    </ClInclude>
    <ClInclude Include="Memory\PoolAllocator.h">
      <Filter>Header Files</Filter>
    </ClInclude>
    <ClInclude Include="Memory\StackAllocator.h">
      <Filter>Header Files</Filter>
    </ClInclude>
    <ClInclude Include="Memory\StackVector.h">
      <Filter>Header Files</Filter>
    </ClInclude>
    <ClInclude Include="Memory\StaticBuffer.h">
      <Filter>Header Files</Filter>
    </ClInclude>
    <ClInclude Include="Utils\BitMath.h">
      <Filter>Header Files</Filter>
    </ClInclude>
    <ClInclude Include="Utils\FileSystem.h">
      <Filter>Header Files</Filter>
    </ClInclude>
    <ClInclude Include="Utils\StringUtil.h">
      <Filter>Header Files</Filter>
    </ClInclude>
    <ClInclude Include="Logger.h">
      <Filter>Header Files</Filter>
    </ClInclude>
  </ItemGroup>
  <ItemGroup>
    <None Include="Arduino\TestInterface\TestInterface.ino" />
    <None Include="Simulation\Genome.csv" />
    <None Include="Arduino\OldInterface\OldInterface.ino" />
    <None Include="Data\DataProcessing.py" />
    <None Include="Data\Calibration\Tau_Mem_29_05_2026.xlsx" />
    <None Include="Data\Calibration\AllInOneScript.py" />
    <None Include="Data\Calibration\Belangrijk Neuron 7 en Neuron 8.xlsx" />
    <None Include="Data\Calibration\Data_Meting_1.csv" />
    <None Include="Data\Calibration\Data_Meting_2.csv" />
    <None Include="Data\Calibration\Data_Meting_3.csv" />
    <None Include="Data\Calibration\Data_Meting_4.csv" />
    <None Include="Data\Calibration\Fit.py" />
    <None Include="Data\Calibration\Fit2.py" />
    <None Include="Data\Calibration\Fit3.py" />
    <None Include="Data\Calibration\Fit4.py" />
    <None Include="Data\Calibration\Fit5.py" />
    <None Include="Data\Calibration\FrequencyTest.py" />
    <None Include="Data\Calibration\Meting.csv" />
    <None Include="Data\Calibration\Meting2.csv" />
    <None Include="Data\Calibration\Meting3.csv" />
    <None Include="Data\Calibration\MetingJune1.csv" />
    <None Include="Data\Calibration\MetingTauMem.csv" />
    <None Include="Data\Calibration\MetingTauMemJune1.csv" />
    <None Include="Data\Calibration\MultiFit.py" />
    <None Include="Data\Calibration\MultiFit2.py" />
    <None Include="Data\Calibration\Neuron_1_Meting_Tau_Mem_1.csv" />
    <None Include="Data\Calibration\Neuron_1_Meting_Tau_Mem_2.csv" />
    <None Include="Data\Calibration\Neuron_1_Meting_Weight_Tau_Syn_1.csv" />
    <None Include="Data\Calibration\Neuron_1_Meting_Weight_Tau_Syn_2.csv" />
    <None Include="Data\Calibration\Neuron_1_Meting_Weight_Tau_Syn_3.csv" />
    <None Include="Data\Calibration\Neuron_1_Meting_Weight_Tau_Syn_4.csv" />
    <None Include="Data\Calibration\Neuron_2_Meting_Tau_Mem_1.csv" />
    <None Include="Data\Calibration\Neuron_3_Meting_Tau_Mem_1.csv" />
    <None Include="Data\Calibration\Neuron_4_Meting_Tau_Mem_1.csv" />
    <None Include="Data\Calibration\Neuron_4_Meting_Tau_Mem_2.csv" />
    <None Include="Data\Calibration\Neuron_6_Meting_Tau_Mem_1.csv" />
    <None Include="Genome.csv" />
    <None Include="Arduino\MainInterface\MainInterface.ino" />
  </ItemGroup>
  <ItemGroup>
    <Text Include="Data\EXP\Meting1.txt" />
    <Text Include="Data\EXP\Meting2.txt" />
    <Text Include="Data\EXP\Meting3.txt" />
    <Text Include="Data\EXP\Meting4.txt" />
    <Text Include="Data\EXP\Meting5.txt" />
    <Text Include="Data\EXP\Meting6.txt" />
    <Text Include="Data\EXP\Meting7.txt" />
    <Text Include="Data\EXP\Meting8.txt" />
    <Text Include="Data\EXP\Meting9.txt" />
    <Text Include="Data\EXP\Meting10.txt" />
    <Text Include="Data\EXP\Meting11.txt" />
    <Text Include="Data\EXP\Meting12.txt" />
    <Text Include="Data\EXP\Meting13.txt" />
    <Text Include="Data\EXP\Meting14.txt" />
    <Text Include="Data\EXP\Meting15.txt" />
    <Text Include="Data\EXP\Meting16.txt" />
    <Text Include="Data\EXP\Meting17.txt" />
    <Text Include="Data\EXP\Meting18.txt" />
    <Text Include="Data\EXP\Meting19.txt" />
    <Text Include="Data\EXP\Meting20.txt" />
    <Text Include="Data\EXP\Meting21.txt" />
    <Text Include="Data\EXP\Meting22.txt" />
    <Text Include="Data\EXP\Meting23.txt" />
    <Text Include="Data\EXP\Meting24.txt" />
    <Text Include="Data\EXP\Meting25.txt" />
    <Text Include="Data\EXP\Meting26.txt" />
    <Text Include="Data\EXP\Meting27.txt" />
    <Text Include="Data\EXP\Meting28.txt" />
    <Text Include="Data\EXP\Meting29.txt" />
    <Text Include="Data\EXP\Meting30.txt" />
    <Text Include="Data\EXP\Meting31.txt" />
    <Text Include="Data\EXP\Meting32.txt" />
    <Text Include="Data\EXP\Meting33.txt" />
    <Text Include="Data\EXP\Meting34.txt" />
    <Text Include="Data\EXP\Meting35.txt" />
    <Text Include="Data\EXP\Meting36.txt" />
    <Text Include="Data\EXP\Meting37.txt" />
    <Text Include="Data\EXP\Meting38.txt" />
    <Text Include="Data\EXP\Meting39.txt" />
    <Text Include="Data\EXP\Meting40.txt" />
    <Text Include="Data\EXP\Meting41.txt" />
    <Text Include="Data\EXP\Meting42.txt" />
    <Text Include="Data\EXP\Meting43.txt" />
    <Text Include="Data\EXP\Meting44.txt" />
    <Text Include="Data\EXP\Meting45.txt" />
    <Text Include="Data\EXP\Meting46.txt" />
    <Text Include="Data\EXP\Meting47.txt" />
    <Text Include="Data\EXP\Meting48.txt" />
    <Text Include="Data\EXP\Meting49.txt" />
    <Text Include="Data\EXP\Meting50.txt" />
    <Text Include="Data\EXP\Meting51.txt" />
    <Text Include="Data\EXP\Meting52.txt" />
    <Text Include="Data\EXP\Meting53.txt" />
    <Text Include="Data\EXP\Meting54.txt" />
    <Text Include="Data\EXP\Meting55.txt" />
    <Text Include="Data\EXP\Meting56.txt" />
    <Text Include="Data\EXP\Meting57.txt" />
    <Text Include="Data\EXP\Meting58.txt" />
    <Text Include="Data\EXP\Meting59.txt" />
    <Text Include="Data\EXP\Meting60.txt" />
    <Text Include="Data\EXP\Meting61.txt" />
    <Text Include="Data\EXP\Meting62.txt" />
    <Text Include="Data\EXP\Meting63.txt" />
    <Text Include="Data\EXP\Meting64.txt" />
    <Text Include="Data\EXP\Meting65.txt" />
    <Text Include="Data\EXP\Meting66.txt" />
    <Text Include="Data\EXP\Meting67.txt" />
    <Text Include="Data\EXP\Meting68.txt" />
    <Text Include="Data\EXP\Meting69.txt" />
    <Text Include="Data\EXP\Meting70.txt" />
    <Text Include="Data\EXP\Meting71.txt" />
    <Text Include="Data\EXP\Meting72.txt" />
    <Text Include="Data\EXP\Meting73.txt" />
    <Text Include="Data\EXP\Meting74.txt" />
    <Text Include="Data\EXP\Meting75.txt" />
    <Text Include="Data\EXP\Meting76.txt" />
    <Text Include="Data\EXP\Meting77.txt" />
    <Text Include="Data\EXP\Meting78.txt" />
    <Text Include="Data\EXP\Meting79.txt" />
    <Text Include="Data\EXP\Meting80.txt" />
    <Text Include="Data\EXP\Meting81.txt" />
    <Text Include="Data\EXP\Meting82.txt" />
    <Text Include="Data\EXP\Meting83.txt" />
    <Text Include="Data\EXP\Meting84.txt" />
    <Text Include="Data\EXP\Meting85.txt" />
    <Text Include="Data\EXP\Meting86.txt" />
    <Text Include="Data\EXP\Meting87.txt" />
    <Text Include="Data\EXP\Meting88.txt" />
    <Text Include="Data\EXP\Meting89.txt" />
    <Text Include="Data\EXP\Meting90.txt" />
    <Text Include="Data\EXP\Meting91.txt" />
    <Text Include="Data\EXP\Meting92.txt" />
    <Text Include="Data\EXP\Meting93.txt" />
    <Text Include="Data\EXP\Meting94.txt" />
    <Text Include="Data\EXP\Meting95.txt" />
    <Text Include="Data\EXP\Meting96.txt" />
    <Text Include="Data\EXP\Meting97.txt" />
    <Text Include="Data\EXP\Meting98.txt" />
    <Text Include="Data\EXP\Meting99.txt" />
    <Text Include="Data\EXP\Meting100.txt" />
    <Text Include="Data\EXP\Meting101.txt" />
    <Text Include="Data\EXP\SwingUpMeting1.txt" />
    <Text Include="Data\EXP\SwingUpMeting2.txt" />
    <Text Include="Data\EXP\SwingUpMeting3.txt" />
    <Text Include="Data\EXP\SwingUpMeting4.txt" />
    <Text Include="Data\EXP\SwingUpMeting5.txt" />
    <Text Include="Data\EXP\SwingUpMeting6.txt" />
    <Text Include="Data\EXP\SwingUpMeting7.txt" />
    <Text Include="Data\EXP\SwingUpMeting8.txt" />
    <Text Include="Data\EXP\SwingUpMeting9.txt" />
    <Text Include="Data\EXP\SwingUpMeting10.txt" />
    <Text Include="Data\EXP\SwingUpMeting11.txt" />
    <Text Include="Data\SIM\Meting1.txt" />
    <Text Include="Data\SIM\Meting2.txt" />
    <Text Include="Data\SIM\Meting3.txt" />
    <Text Include="Data\SIM\Meting4.txt" />
    <Text Include="Data\SIM\Meting5.txt" />
    <Text Include="Data\SIM\Meting6.txt" />
    <Text Include="Data\SIM\Meting7.txt" />
    <Text Include="Data\SIM\Meting8.txt" />
    <Text Include="Data\SIM\Meting9.txt" />
    <Text Include="Data\SIM\Meting10.txt" />
  </ItemGroup>
  <ItemGroup>
    <Image Include="Data\metingen_subplot.png">
      <Filter>Resource Files</Filter>
    </Image>
    <Image Include="Data\Calibration\Fit.png">
      <Filter>Resource Files</Filter>
    </Image>
  </ItemGroup>
</Project>